// !$*UTF8*$!
{
	archiveVersion = 1;
	classes = {
	};
	objectVersion = 55;
	objects = {

/* Begin PBXBuildFile section */
		B40B4D0D29328AC300E1C622 /* HBar.swift in Sources */ = {isa = PBXBuildFile; fileRef = B40B4D0C29328AC300E1C622 /* HBar.swift */; };
		B40B4D1029328F3300E1C622 /* InjectedValues.swift in Sources */ = {isa = PBXBuildFile; fileRef = B40B4D0F29328F3300E1C622 /* InjectedValues.swift */; };
		B40B4D122932B0DE00E1C622 /* VoteInfo+Sample.swift in Sources */ = {isa = PBXBuildFile; fileRef = B40B4D112932B0DE00E1C622 /* VoteInfo+Sample.swift */; };
		B4184C40291A719300AE0FD9 /* View+Helpers.swift in Sources */ = {isa = PBXBuildFile; fileRef = B4184C3F291A719300AE0FD9 /* View+Helpers.swift */; };
		B4184C5A291D3F2800AE0FD9 /* VotesChart.swift in Sources */ = {isa = PBXBuildFile; fileRef = B4184C59291D3F2800AE0FD9 /* VotesChart.swift */; };
		B4184C5C291D4E3C00AE0FD9 /* NotificationsService.swift in Sources */ = {isa = PBXBuildFile; fileRef = B4184C5B291D4E3C00AE0FD9 /* NotificationsService.swift */; };
		B4184C5E291D515F00AE0FD9 /* DeeplinkService.swift in Sources */ = {isa = PBXBuildFile; fileRef = B4184C5D291D515F00AE0FD9 /* DeeplinkService.swift */; };
		B4184C61291D518B00AE0FD9 /* AppRoute.swift in Sources */ = {isa = PBXBuildFile; fileRef = B4184C60291D518B00AE0FD9 /* AppRoute.swift */; };
		B43E4C4028D3B52F00ABD0D2 /* Toolbar.swift in Sources */ = {isa = PBXBuildFile; fileRef = B43E4C3F28D3B52F00ABD0D2 /* Toolbar.swift */; };
		B43E4C4228D3C17800ABD0D2 /* TasksService.swift in Sources */ = {isa = PBXBuildFile; fileRef = B43E4C4128D3C17800ABD0D2 /* TasksService.swift */; };
		B43FE2E0291D8A6400E5A124 /* WatchingService.swift in Sources */ = {isa = PBXBuildFile; fileRef = B43FE2DF291D8A6400E5A124 /* WatchingService.swift */; };
		B44B9ACD28D7875700B3E4EE /* ProfileService.swift in Sources */ = {isa = PBXBuildFile; fileRef = B44B9ACC28D7875700B3E4EE /* ProfileService.swift */; };
		B44B9ACF28D787A400B3E4EE /* Profile.swift in Sources */ = {isa = PBXBuildFile; fileRef = B44B9ACE28D787A400B3E4EE /* Profile.swift */; };
		B45B130F292D078A0045E7DD /* AppDelegate.swift in Sources */ = {isa = PBXBuildFile; fileRef = B45B130E292D078A0045E7DD /* AppDelegate.swift */; };
		B45B1311292D081F0045E7DD /* NSUIApplication.swift in Sources */ = {isa = PBXBuildFile; fileRef = B45B1310292D081F0045E7DD /* NSUIApplication.swift */; };
		B490CD232915BFE200EEAD4C /* TeamsView.swift in Sources */ = {isa = PBXBuildFile; fileRef = B490CD222915BFE200EEAD4C /* TeamsView.swift */; };
		B490CD252915C01500EEAD4C /* Team.swift in Sources */ = {isa = PBXBuildFile; fileRef = B490CD242915C01500EEAD4C /* Team.swift */; };
		B490CD272915C24300EEAD4C /* TeamListView.swift in Sources */ = {isa = PBXBuildFile; fileRef = B490CD262915C24300EEAD4C /* TeamListView.swift */; };
		B490CD2A2915C26900EEAD4C /* Team+Sample.swift in Sources */ = {isa = PBXBuildFile; fileRef = B490CD292915C26900EEAD4C /* Team+Sample.swift */; };
		B490CD2C2915C84700EEAD4C /* ErrorView.swift in Sources */ = {isa = PBXBuildFile; fileRef = B490CD2B2915C84700EEAD4C /* ErrorView.swift */; };
		B490CD2F2915C90500EEAD4C /* TeamsService.swift in Sources */ = {isa = PBXBuildFile; fileRef = B490CD2E2915C90500EEAD4C /* TeamsService.swift */; };
		B490CD312915CAA900EEAD4C /* TeamCreateView.swift in Sources */ = {isa = PBXBuildFile; fileRef = B490CD302915CAA900EEAD4C /* TeamCreateView.swift */; };
		B490CD34291652BE00EEAD4C /* PublicUser+Sample.swift in Sources */ = {isa = PBXBuildFile; fileRef = B490CD33291652BE00EEAD4C /* PublicUser+Sample.swift */; };
		B490CD392917F74100EEAD4C /* TeamView.swift in Sources */ = {isa = PBXBuildFile; fileRef = B490CD382917F74100EEAD4C /* TeamView.swift */; };
		B490CD3B291801FC00EEAD4C /* TasksFilter.swift in Sources */ = {isa = PBXBuildFile; fileRef = B490CD3A291801FC00EEAD4C /* TasksFilter.swift */; };
		B490CD3D291804D800EEAD4C /* Task+Sample.swift in Sources */ = {isa = PBXBuildFile; fileRef = B490CD3C291804D800EEAD4C /* Task+Sample.swift */; };
		B490CD402918100E00EEAD4C /* SideBar.swift in Sources */ = {isa = PBXBuildFile; fileRef = B490CD3F2918100E00EEAD4C /* SideBar.swift */; };
		B490CD42291810EA00EEAD4C /* User+Sample.swift in Sources */ = {isa = PBXBuildFile; fileRef = B490CD41291810EA00EEAD4C /* User+Sample.swift */; };
		B490CD4529181C3D00EEAD4C /* TeamMembersView.swift in Sources */ = {isa = PBXBuildFile; fileRef = B490CD4429181C3D00EEAD4C /* TeamMembersView.swift */; };
		B490CD4729181C9700EEAD4C /* TeamMember.swift in Sources */ = {isa = PBXBuildFile; fileRef = B490CD4629181C9700EEAD4C /* TeamMember.swift */; };
		B490CD4929181E9100EEAD4C /* TeamMember+Sample.swift in Sources */ = {isa = PBXBuildFile; fileRef = B490CD4829181E9100EEAD4C /* TeamMember+Sample.swift */; };
		B490CD4B2918284D00EEAD4C /* NSTableView+RemoveBackground.swift in Sources */ = {isa = PBXBuildFile; fileRef = B490CD4A2918284D00EEAD4C /* NSTableView+RemoveBackground.swift */; };
		B490CD4D29182A6C00EEAD4C /* InviteMemberView.swift in Sources */ = {isa = PBXBuildFile; fileRef = B490CD4C29182A6C00EEAD4C /* InviteMemberView.swift */; };
		B490CD4F29182DF700EEAD4C /* List+Divider.swift in Sources */ = {isa = PBXBuildFile; fileRef = B490CD4E29182DF700EEAD4C /* List+Divider.swift */; };
		B493D4D628D31C7F00B95A23 /* ScrumPokerApp.swift in Sources */ = {isa = PBXBuildFile; fileRef = B493D4D528D31C7F00B95A23 /* ScrumPokerApp.swift */; };
		B493D4D828D31C7F00B95A23 /* ContentView.swift in Sources */ = {isa = PBXBuildFile; fileRef = B493D4D728D31C7F00B95A23 /* ContentView.swift */; };
		B493D4DA28D31C8100B95A23 /* Assets.xcassets in Resources */ = {isa = PBXBuildFile; fileRef = B493D4D928D31C8100B95A23 /* Assets.xcassets */; };
		B493D4DD28D31C8100B95A23 /* Preview Assets.xcassets in Resources */ = {isa = PBXBuildFile; fileRef = B493D4DC28D31C8100B95A23 /* Preview Assets.xcassets */; };
		B493D4E628D31D7F00B95A23 /* MenuService.swift in Sources */ = {isa = PBXBuildFile; fileRef = B493D4E528D31D7F00B95A23 /* MenuService.swift */; };
		B493D4EB28D31DC300B95A23 /* AppState.swift in Sources */ = {isa = PBXBuildFile; fileRef = B493D4EA28D31DC300B95A23 /* AppState.swift */; };
		B493D4F028D32F5900B95A23 /* Dependencies.swift in Sources */ = {isa = PBXBuildFile; fileRef = B493D4EF28D32F5900B95A23 /* Dependencies.swift */; };
		B493D4F228D3320F00B95A23 /* TasksView.swift in Sources */ = {isa = PBXBuildFile; fileRef = B493D4F128D3320F00B95A23 /* TasksView.swift */; };
		B493D4F528D3322C00B95A23 /* AuthorizationView.swift in Sources */ = {isa = PBXBuildFile; fileRef = B493D4F428D3322C00B95A23 /* AuthorizationView.swift */; };
		B493D4F728D3329D00B95A23 /* PokerAPI.swift in Sources */ = {isa = PBXBuildFile; fileRef = B493D4F628D3329D00B95A23 /* PokerAPI.swift */; };
		B493D4F928D333DF00B95A23 /* NetworkService.swift in Sources */ = {isa = PBXBuildFile; fileRef = B493D4F828D333DF00B95A23 /* NetworkService.swift */; };
		B493D4FB28D3410D00B95A23 /* ApiTask.swift in Sources */ = {isa = PBXBuildFile; fileRef = B493D4FA28D3410D00B95A23 /* ApiTask.swift */; };
		B493D4FF28D3475800B95A23 /* User.swift in Sources */ = {isa = PBXBuildFile; fileRef = B493D4FE28D3475800B95A23 /* User.swift */; };
		B493D50128D34AA200B95A23 /* TaskView.swift in Sources */ = {isa = PBXBuildFile; fileRef = B493D50028D34AA200B95A23 /* TaskView.swift */; };
		B493D50328D3541C00B95A23 /* Vote.swift in Sources */ = {isa = PBXBuildFile; fileRef = B493D50228D3541C00B95A23 /* Vote.swift */; };
		B493D50528D3599500B95A23 /* VotesInfo.swift in Sources */ = {isa = PBXBuildFile; fileRef = B493D50428D3599500B95A23 /* VotesInfo.swift */; };
		B493D50728D3650C00B95A23 /* TaskCreateView.swift in Sources */ = {isa = PBXBuildFile; fileRef = B493D50628D3650C00B95A23 /* TaskCreateView.swift */; };
		B4E0E24128F202EF00471A32 /* PublicUser.swift in Sources */ = {isa = PBXBuildFile; fileRef = B4E0E24028F202EF00471A32 /* PublicUser.swift */; };
		B4FC2FD0292EC9CA00A7E04C /* MainView.swift in Sources */ = {isa = PBXBuildFile; fileRef = B4FC2FCF292EC9CA00A7E04C /* MainView.swift */; };
		B4FC2FD3292ED09B00A7E04C /* NSUIPasteboard.swift in Sources */ = {isa = PBXBuildFile; fileRef = B4FC2FD2292ED09B00A7E04C /* NSUIPasteboard.swift */; };
/* End PBXBuildFile section */

/* Begin PBXFileReference section */
		B40B4D0C29328AC300E1C622 /* HBar.swift */ = {isa = PBXFileReference; lastKnownFileType = sourcecode.swift; path = HBar.swift; sourceTree = "<group>"; };
		B40B4D0F29328F3300E1C622 /* InjectedValues.swift */ = {isa = PBXFileReference; lastKnownFileType = sourcecode.swift; path = InjectedValues.swift; sourceTree = "<group>"; };
		B40B4D112932B0DE00E1C622 /* VoteInfo+Sample.swift */ = {isa = PBXFileReference; lastKnownFileType = sourcecode.swift; path = "VoteInfo+Sample.swift"; sourceTree = "<group>"; };
		B4184C3F291A719300AE0FD9 /* View+Helpers.swift */ = {isa = PBXFileReference; lastKnownFileType = sourcecode.swift; path = "View+Helpers.swift"; sourceTree = "<group>"; };
		B4184C59291D3F2800AE0FD9 /* VotesChart.swift */ = {isa = PBXFileReference; lastKnownFileType = sourcecode.swift; path = VotesChart.swift; sourceTree = "<group>"; };
		B4184C5B291D4E3C00AE0FD9 /* NotificationsService.swift */ = {isa = PBXFileReference; lastKnownFileType = sourcecode.swift; path = NotificationsService.swift; sourceTree = "<group>"; };
		B4184C5D291D515F00AE0FD9 /* DeeplinkService.swift */ = {isa = PBXFileReference; lastKnownFileType = sourcecode.swift; path = DeeplinkService.swift; sourceTree = "<group>"; };
		B4184C60291D518B00AE0FD9 /* AppRoute.swift */ = {isa = PBXFileReference; lastKnownFileType = sourcecode.swift; path = AppRoute.swift; sourceTree = "<group>"; };
		B43E4C3F28D3B52F00ABD0D2 /* Toolbar.swift */ = {isa = PBXFileReference; lastKnownFileType = sourcecode.swift; path = Toolbar.swift; sourceTree = "<group>"; };
		B43E4C4128D3C17800ABD0D2 /* TasksService.swift */ = {isa = PBXFileReference; lastKnownFileType = sourcecode.swift; path = TasksService.swift; sourceTree = "<group>"; };
		B43FE2DF291D8A6400E5A124 /* WatchingService.swift */ = {isa = PBXFileReference; lastKnownFileType = sourcecode.swift; path = WatchingService.swift; sourceTree = "<group>"; };
		B44B9ACC28D7875700B3E4EE /* ProfileService.swift */ = {isa = PBXFileReference; lastKnownFileType = sourcecode.swift; path = ProfileService.swift; sourceTree = "<group>"; };
		B44B9ACE28D787A400B3E4EE /* Profile.swift */ = {isa = PBXFileReference; lastKnownFileType = sourcecode.swift; path = Profile.swift; sourceTree = "<group>"; };
		B45B130E292D078A0045E7DD /* AppDelegate.swift */ = {isa = PBXFileReference; lastKnownFileType = sourcecode.swift; path = AppDelegate.swift; sourceTree = "<group>"; };
		B45B1310292D081F0045E7DD /* NSUIApplication.swift */ = {isa = PBXFileReference; lastKnownFileType = sourcecode.swift; path = NSUIApplication.swift; sourceTree = "<group>"; };
		B490CD222915BFE200EEAD4C /* TeamsView.swift */ = {isa = PBXFileReference; lastKnownFileType = sourcecode.swift; path = TeamsView.swift; sourceTree = "<group>"; };
		B490CD242915C01500EEAD4C /* Team.swift */ = {isa = PBXFileReference; lastKnownFileType = sourcecode.swift; path = Team.swift; sourceTree = "<group>"; };
		B490CD262915C24300EEAD4C /* TeamListView.swift */ = {isa = PBXFileReference; lastKnownFileType = sourcecode.swift; path = TeamListView.swift; sourceTree = "<group>"; };
		B490CD292915C26900EEAD4C /* Team+Sample.swift */ = {isa = PBXFileReference; lastKnownFileType = sourcecode.swift; path = "Team+Sample.swift"; sourceTree = "<group>"; };
		B490CD2B2915C84700EEAD4C /* ErrorView.swift */ = {isa = PBXFileReference; lastKnownFileType = sourcecode.swift; path = ErrorView.swift; sourceTree = "<group>"; };
		B490CD2E2915C90500EEAD4C /* TeamsService.swift */ = {isa = PBXFileReference; lastKnownFileType = sourcecode.swift; path = TeamsService.swift; sourceTree = "<group>"; };
		B490CD302915CAA900EEAD4C /* TeamCreateView.swift */ = {isa = PBXFileReference; lastKnownFileType = sourcecode.swift; path = TeamCreateView.swift; sourceTree = "<group>"; };
		B490CD33291652BE00EEAD4C /* PublicUser+Sample.swift */ = {isa = PBXFileReference; lastKnownFileType = sourcecode.swift; path = "PublicUser+Sample.swift"; sourceTree = "<group>"; };
		B490CD382917F74100EEAD4C /* TeamView.swift */ = {isa = PBXFileReference; lastKnownFileType = sourcecode.swift; path = TeamView.swift; sourceTree = "<group>"; };
		B490CD3A291801FC00EEAD4C /* TasksFilter.swift */ = {isa = PBXFileReference; lastKnownFileType = sourcecode.swift; path = TasksFilter.swift; sourceTree = "<group>"; };
		B490CD3C291804D800EEAD4C /* Task+Sample.swift */ = {isa = PBXFileReference; lastKnownFileType = sourcecode.swift; path = "Task+Sample.swift"; sourceTree = "<group>"; };
		B490CD3F2918100E00EEAD4C /* SideBar.swift */ = {isa = PBXFileReference; lastKnownFileType = sourcecode.swift; path = SideBar.swift; sourceTree = "<group>"; };
		B490CD41291810EA00EEAD4C /* User+Sample.swift */ = {isa = PBXFileReference; lastKnownFileType = sourcecode.swift; path = "User+Sample.swift"; sourceTree = "<group>"; };
		B490CD4429181C3D00EEAD4C /* TeamMembersView.swift */ = {isa = PBXFileReference; lastKnownFileType = sourcecode.swift; path = TeamMembersView.swift; sourceTree = "<group>"; };
		B490CD4629181C9700EEAD4C /* TeamMember.swift */ = {isa = PBXFileReference; lastKnownFileType = sourcecode.swift; path = TeamMember.swift; sourceTree = "<group>"; };
		B490CD4829181E9100EEAD4C /* TeamMember+Sample.swift */ = {isa = PBXFileReference; lastKnownFileType = sourcecode.swift; path = "TeamMember+Sample.swift"; sourceTree = "<group>"; };
		B490CD4A2918284D00EEAD4C /* NSTableView+RemoveBackground.swift */ = {isa = PBXFileReference; lastKnownFileType = sourcecode.swift; path = "NSTableView+RemoveBackground.swift"; sourceTree = "<group>"; };
		B490CD4C29182A6C00EEAD4C /* InviteMemberView.swift */ = {isa = PBXFileReference; lastKnownFileType = sourcecode.swift; path = InviteMemberView.swift; sourceTree = "<group>"; };
		B490CD4E29182DF700EEAD4C /* List+Divider.swift */ = {isa = PBXFileReference; lastKnownFileType = sourcecode.swift; path = "List+Divider.swift"; sourceTree = "<group>"; };
		B493D4D228D31C7F00B95A23 /* ScrumPoker.app */ = {isa = PBXFileReference; explicitFileType = wrapper.application; includeInIndex = 0; path = ScrumPoker.app; sourceTree = BUILT_PRODUCTS_DIR; };
		B493D4D528D31C7F00B95A23 /* ScrumPokerApp.swift */ = {isa = PBXFileReference; lastKnownFileType = sourcecode.swift; path = ScrumPokerApp.swift; sourceTree = "<group>"; };
		B493D4D728D31C7F00B95A23 /* ContentView.swift */ = {isa = PBXFileReference; lastKnownFileType = sourcecode.swift; path = ContentView.swift; sourceTree = "<group>"; };
		B493D4D928D31C8100B95A23 /* Assets.xcassets */ = {isa = PBXFileReference; lastKnownFileType = folder.assetcatalog; path = Assets.xcassets; sourceTree = "<group>"; };
		B493D4DC28D31C8100B95A23 /* Preview Assets.xcassets */ = {isa = PBXFileReference; lastKnownFileType = folder.assetcatalog; path = "Preview Assets.xcassets"; sourceTree = "<group>"; };
		B493D4DE28D31C8100B95A23 /* ScrumPoker.entitlements */ = {isa = PBXFileReference; lastKnownFileType = text.plist.entitlements; path = ScrumPoker.entitlements; sourceTree = "<group>"; };
		B493D4E528D31D7F00B95A23 /* MenuService.swift */ = {isa = PBXFileReference; lastKnownFileType = sourcecode.swift; path = MenuService.swift; sourceTree = "<group>"; };
		B493D4EA28D31DC300B95A23 /* AppState.swift */ = {isa = PBXFileReference; lastKnownFileType = sourcecode.swift; path = AppState.swift; sourceTree = "<group>"; };
		B493D4EF28D32F5900B95A23 /* Dependencies.swift */ = {isa = PBXFileReference; lastKnownFileType = sourcecode.swift; path = Dependencies.swift; sourceTree = "<group>"; };
		B493D4F128D3320F00B95A23 /* TasksView.swift */ = {isa = PBXFileReference; lastKnownFileType = sourcecode.swift; path = TasksView.swift; sourceTree = "<group>"; };
		B493D4F428D3322C00B95A23 /* AuthorizationView.swift */ = {isa = PBXFileReference; lastKnownFileType = sourcecode.swift; path = AuthorizationView.swift; sourceTree = "<group>"; };
		B493D4F628D3329D00B95A23 /* PokerAPI.swift */ = {isa = PBXFileReference; lastKnownFileType = sourcecode.swift; path = PokerAPI.swift; sourceTree = "<group>"; };
		B493D4F828D333DF00B95A23 /* NetworkService.swift */ = {isa = PBXFileReference; lastKnownFileType = sourcecode.swift; path = NetworkService.swift; sourceTree = "<group>"; };
		B493D4FA28D3410D00B95A23 /* ApiTask.swift */ = {isa = PBXFileReference; lastKnownFileType = sourcecode.swift; path = ApiTask.swift; sourceTree = "<group>"; };
		B493D4FE28D3475800B95A23 /* User.swift */ = {isa = PBXFileReference; lastKnownFileType = sourcecode.swift; path = User.swift; sourceTree = "<group>"; };
		B493D50028D34AA200B95A23 /* TaskView.swift */ = {isa = PBXFileReference; lastKnownFileType = sourcecode.swift; path = TaskView.swift; sourceTree = "<group>"; };
		B493D50228D3541C00B95A23 /* Vote.swift */ = {isa = PBXFileReference; lastKnownFileType = sourcecode.swift; path = Vote.swift; sourceTree = "<group>"; };
		B493D50428D3599500B95A23 /* VotesInfo.swift */ = {isa = PBXFileReference; lastKnownFileType = sourcecode.swift; path = VotesInfo.swift; sourceTree = "<group>"; };
		B493D50628D3650C00B95A23 /* TaskCreateView.swift */ = {isa = PBXFileReference; lastKnownFileType = sourcecode.swift; path = TaskCreateView.swift; sourceTree = "<group>"; };
		B493D50828D36DDC00B95A23 /* Info.plist */ = {isa = PBXFileReference; lastKnownFileType = text.plist; path = Info.plist; sourceTree = "<group>"; };
		B4E0E24028F202EF00471A32 /* PublicUser.swift */ = {isa = PBXFileReference; lastKnownFileType = sourcecode.swift; path = PublicUser.swift; sourceTree = "<group>"; };
		B4FC2FCF292EC9CA00A7E04C /* MainView.swift */ = {isa = PBXFileReference; lastKnownFileType = sourcecode.swift; path = MainView.swift; sourceTree = "<group>"; };
		B4FC2FD2292ED09B00A7E04C /* NSUIPasteboard.swift */ = {isa = PBXFileReference; lastKnownFileType = sourcecode.swift; path = NSUIPasteboard.swift; sourceTree = "<group>"; };
/* End PBXFileReference section */

/* Begin PBXFrameworksBuildPhase section */
		B493D4CF28D31C7F00B95A23 /* Frameworks */ = {
			isa = PBXFrameworksBuildPhase;
			buildActionMask = 2147483647;
			files = (
			);
			runOnlyForDeploymentPostprocessing = 0;
		};
/* End PBXFrameworksBuildPhase section */

/* Begin PBXGroup section */
		B40B4D0E29328F2B00E1C622 /* Injection */ = {
			isa = PBXGroup;
			children = (
				B40B4D0F29328F3300E1C622 /* InjectedValues.swift */,
			);
			path = Injection;
			sourceTree = "<group>";
		};
		B4184C58291D3F1E00AE0FD9 /* VotesChart */ = {
			isa = PBXGroup;
			children = (
				B4184C59291D3F2800AE0FD9 /* VotesChart.swift */,
			);
			path = VotesChart;
			sourceTree = "<group>";
		};
		B4184C5F291D516D00AE0FD9 /* DTO */ = {
			isa = PBXGroup;
			children = (
				B493D4FA28D3410D00B95A23 /* ApiTask.swift */,
				B493D4FE28D3475800B95A23 /* User.swift */,
				B493D50228D3541C00B95A23 /* Vote.swift */,
				B44B9ACE28D787A400B3E4EE /* Profile.swift */,
				B490CD242915C01500EEAD4C /* Team.swift */,
				B490CD4629181C9700EEAD4C /* TeamMember.swift */,
			);
			path = DTO;
			sourceTree = "<group>";
		};
		B43E4C3E28D3B51B00ABD0D2 /* Elements */ = {
			isa = PBXGroup;
			children = (
				B43E4C3F28D3B52F00ABD0D2 /* Toolbar.swift */,
				B490CD2B2915C84700EEAD4C /* ErrorView.swift */,
				B40B4D0C29328AC300E1C622 /* HBar.swift */,
			);
			path = Elements;
			sourceTree = "<group>";
		};
		B490CD212915BFD300EEAD4C /* Teams */ = {
			isa = PBXGroup;
			children = (
				B490CD222915BFE200EEAD4C /* TeamsView.swift */,
				B490CD262915C24300EEAD4C /* TeamListView.swift */,
				B490CD302915CAA900EEAD4C /* TeamCreateView.swift */,
			);
			path = Teams;
			sourceTree = "<group>";
		};
		B490CD282915C24900EEAD4C /* Samples */ = {
			isa = PBXGroup;
			children = (
				B490CD292915C26900EEAD4C /* Team+Sample.swift */,
				B490CD33291652BE00EEAD4C /* PublicUser+Sample.swift */,
				B490CD3C291804D800EEAD4C /* Task+Sample.swift */,
				B490CD41291810EA00EEAD4C /* User+Sample.swift */,
				B490CD4829181E9100EEAD4C /* TeamMember+Sample.swift */,
				B40B4D112932B0DE00E1C622 /* VoteInfo+Sample.swift */,
			);
			path = Samples;
			sourceTree = "<group>";
		};
		B490CD2D2915C8FA00EEAD4C /* API */ = {
			isa = PBXGroup;
			children = (
				B493D4F628D3329D00B95A23 /* PokerAPI.swift */,
			);
			path = API;
			sourceTree = "<group>";
		};
		B490CD322915CD7300EEAD4C /* Tasks */ = {
			isa = PBXGroup;
			children = (
				B493D4F128D3320F00B95A23 /* TasksView.swift */,
			);
			path = Tasks;
			sourceTree = "<group>";
		};
		B490CD352917F72B00EEAD4C /* Team */ = {
			isa = PBXGroup;
			children = (
				B490CD382917F74100EEAD4C /* TeamView.swift */,
			);
			path = Team;
			sourceTree = "<group>";
		};
		B490CD3E2918100000EEAD4C /* SideBar */ = {
			isa = PBXGroup;
			children = (
				B490CD3F2918100E00EEAD4C /* SideBar.swift */,
			);
			path = SideBar;
			sourceTree = "<group>";
		};
		B490CD4329181C3000EEAD4C /* TeamMembers */ = {
			isa = PBXGroup;
			children = (
				B490CD4429181C3D00EEAD4C /* TeamMembersView.swift */,
				B490CD4C29182A6C00EEAD4C /* InviteMemberView.swift */,
			);
			path = TeamMembers;
			sourceTree = "<group>";
		};
		B493D4C928D31C7F00B95A23 = {
			isa = PBXGroup;
			children = (
				B493D4D428D31C7F00B95A23 /* ScrumPoker */,
				B493D4D328D31C7F00B95A23 /* Products */,
			);
			sourceTree = "<group>";
		};
		B493D4D328D31C7F00B95A23 /* Products */ = {
			isa = PBXGroup;
			children = (
				B493D4D228D31C7F00B95A23 /* ScrumPoker.app */,
			);
			name = Products;
			sourceTree = "<group>";
		};
		B493D4D428D31C7F00B95A23 /* ScrumPoker */ = {
			isa = PBXGroup;
			children = (
				B493D50828D36DDC00B95A23 /* Info.plist */,
				B493D4F328D3321300B95A23 /* Views */,
				B493D4EC28D31F3400B95A23 /* Helpers */,
				B493D4E928D31DBC00B95A23 /* Models */,
				B493D4E428D31D7600B95A23 /* Logic */,
				B493D4D528D31C7F00B95A23 /* ScrumPokerApp.swift */,
				B493D4D728D31C7F00B95A23 /* ContentView.swift */,
				B493D4D928D31C8100B95A23 /* Assets.xcassets */,
				B493D4DE28D31C8100B95A23 /* ScrumPoker.entitlements */,
				B493D4DB28D31C8100B95A23 /* Preview Content */,
				B45B130E292D078A0045E7DD /* AppDelegate.swift */,
			);
			path = ScrumPoker;
			sourceTree = "<group>";
		};
		B493D4DB28D31C8100B95A23 /* Preview Content */ = {
			isa = PBXGroup;
			children = (
				B493D4DC28D31C8100B95A23 /* Preview Assets.xcassets */,
			);
			path = "Preview Content";
			sourceTree = "<group>";
		};
		B493D4E428D31D7600B95A23 /* Logic */ = {
			isa = PBXGroup;
			children = (
				B40B4D0E29328F2B00E1C622 /* Injection */,
				B490CD2D2915C8FA00EEAD4C /* API */,
				B493D4E528D31D7F00B95A23 /* MenuService.swift */,
				B493D4F828D333DF00B95A23 /* NetworkService.swift */,
				B43E4C4128D3C17800ABD0D2 /* TasksService.swift */,
				B44B9ACC28D7875700B3E4EE /* ProfileService.swift */,
				B490CD2E2915C90500EEAD4C /* TeamsService.swift */,
				B4184C5B291D4E3C00AE0FD9 /* NotificationsService.swift */,
				B4184C5D291D515F00AE0FD9 /* DeeplinkService.swift */,
				B43FE2DF291D8A6400E5A124 /* WatchingService.swift */,
			);
			path = Logic;
			sourceTree = "<group>";
		};
		B493D4E928D31DBC00B95A23 /* Models */ = {
			isa = PBXGroup;
			children = (
				B4FC2FD1292ECEEB00A7E04C /* Universal */,
				B4184C5F291D516D00AE0FD9 /* DTO */,
				B490CD282915C24900EEAD4C /* Samples */,
				B493D4EA28D31DC300B95A23 /* AppState.swift */,
				B493D4EF28D32F5900B95A23 /* Dependencies.swift */,
				B493D50428D3599500B95A23 /* VotesInfo.swift */,
				B4E0E24028F202EF00471A32 /* PublicUser.swift */,
				B490CD3A291801FC00EEAD4C /* TasksFilter.swift */,
				B4184C60291D518B00AE0FD9 /* AppRoute.swift */,
			);
			path = Models;
			sourceTree = "<group>";
		};
		B493D4EC28D31F3400B95A23 /* Helpers */ = {
			isa = PBXGroup;
			children = (
				B490CD4A2918284D00EEAD4C /* NSTableView+RemoveBackground.swift */,
				B490CD4E29182DF700EEAD4C /* List+Divider.swift */,
				B4184C3F291A719300AE0FD9 /* View+Helpers.swift */,
			);
			path = Helpers;
			sourceTree = "<group>";
		};
		B493D4F328D3321300B95A23 /* Views */ = {
			isa = PBXGroup;
			children = (
				B4184C58291D3F1E00AE0FD9 /* VotesChart */,
				B490CD4329181C3000EEAD4C /* TeamMembers */,
				B490CD3E2918100000EEAD4C /* SideBar */,
				B490CD352917F72B00EEAD4C /* Team */,
				B490CD322915CD7300EEAD4C /* Tasks */,
				B490CD212915BFD300EEAD4C /* Teams */,
				B43E4C3E28D3B51B00ABD0D2 /* Elements */,
				B493D4F428D3322C00B95A23 /* AuthorizationView.swift */,
				B493D50028D34AA200B95A23 /* TaskView.swift */,
				B493D50628D3650C00B95A23 /* TaskCreateView.swift */,
				B4FC2FCF292EC9CA00A7E04C /* MainView.swift */,
			);
			path = Views;
			sourceTree = "<group>";
		};
		B4FC2FD1292ECEEB00A7E04C /* Universal */ = {
			isa = PBXGroup;
			children = (
				B45B1310292D081F0045E7DD /* NSUIApplication.swift */,
				B4FC2FD2292ED09B00A7E04C /* NSUIPasteboard.swift */,
			);
			path = Universal;
			sourceTree = "<group>";
		};
/* End PBXGroup section */

/* Begin PBXNativeTarget section */
		B493D4D128D31C7F00B95A23 /* ScrumPoker */ = {
			isa = PBXNativeTarget;
			buildConfigurationList = B493D4E128D31C8100B95A23 /* Build configuration list for PBXNativeTarget "ScrumPoker" */;
			buildPhases = (
				B493D4CE28D31C7F00B95A23 /* Sources */,
				B493D4CF28D31C7F00B95A23 /* Frameworks */,
				B493D4D028D31C7F00B95A23 /* Resources */,
			);
			buildRules = (
			);
			dependencies = (
			);
			name = ScrumPoker;
			productName = ScrumPoker;
			productReference = B493D4D228D31C7F00B95A23 /* ScrumPoker.app */;
			productType = "com.apple.product-type.application";
		};
/* End PBXNativeTarget section */

/* Begin PBXProject section */
		B493D4CA28D31C7F00B95A23 /* Project object */ = {
			isa = PBXProject;
			attributes = {
				BuildIndependentTargetsInParallel = 1;
				LastSwiftUpdateCheck = 1340;
				LastUpgradeCheck = 1340;
				TargetAttributes = {
					B493D4D128D31C7F00B95A23 = {
						CreatedOnToolsVersion = 13.4.1;
					};
				};
			};
			buildConfigurationList = B493D4CD28D31C7F00B95A23 /* Build configuration list for PBXProject "ScrumPoker" */;
			compatibilityVersion = "Xcode 13.0";
			developmentRegion = en;
			hasScannedForEncodings = 0;
			knownRegions = (
				en,
				Base,
			);
			mainGroup = B493D4C928D31C7F00B95A23;
			productRefGroup = B493D4D328D31C7F00B95A23 /* Products */;
			projectDirPath = "";
			projectRoot = "";
			targets = (
				B493D4D128D31C7F00B95A23 /* ScrumPoker */,
			);
		};
/* End PBXProject section */

/* Begin PBXResourcesBuildPhase section */
		B493D4D028D31C7F00B95A23 /* Resources */ = {
			isa = PBXResourcesBuildPhase;
			buildActionMask = 2147483647;
			files = (
				B493D4DD28D31C8100B95A23 /* Preview Assets.xcassets in Resources */,
				B493D4DA28D31C8100B95A23 /* Assets.xcassets in Resources */,
			);
			runOnlyForDeploymentPostprocessing = 0;
		};
/* End PBXResourcesBuildPhase section */

/* Begin PBXSourcesBuildPhase section */
		B493D4CE28D31C7F00B95A23 /* Sources */ = {
			isa = PBXSourcesBuildPhase;
			buildActionMask = 2147483647;
			files = (
				B4184C5C291D4E3C00AE0FD9 /* NotificationsService.swift in Sources */,
				B490CD4D29182A6C00EEAD4C /* InviteMemberView.swift in Sources */,
				B493D4FF28D3475800B95A23 /* User.swift in Sources */,
				B490CD312915CAA900EEAD4C /* TeamCreateView.swift in Sources */,
				B490CD4F29182DF700EEAD4C /* List+Divider.swift in Sources */,
				B490CD4729181C9700EEAD4C /* TeamMember.swift in Sources */,
				B490CD42291810EA00EEAD4C /* User+Sample.swift in Sources */,
				B493D50128D34AA200B95A23 /* TaskView.swift in Sources */,
				B493D4F928D333DF00B95A23 /* NetworkService.swift in Sources */,
				B43E4C4228D3C17800ABD0D2 /* TasksService.swift in Sources */,
				B4184C5E291D515F00AE0FD9 /* DeeplinkService.swift in Sources */,
				B490CD2A2915C26900EEAD4C /* Team+Sample.swift in Sources */,
				B45B130F292D078A0045E7DD /* AppDelegate.swift in Sources */,
				B493D50728D3650C00B95A23 /* TaskCreateView.swift in Sources */,
				B40B4D0D29328AC300E1C622 /* HBar.swift in Sources */,
				B493D4F028D32F5900B95A23 /* Dependencies.swift in Sources */,
				B493D4EB28D31DC300B95A23 /* AppState.swift in Sources */,
				B490CD4529181C3D00EEAD4C /* TeamMembersView.swift in Sources */,
				B490CD232915BFE200EEAD4C /* TeamsView.swift in Sources */,
				B4184C61291D518B00AE0FD9 /* AppRoute.swift in Sources */,
				B4FC2FD3292ED09B00A7E04C /* NSUIPasteboard.swift in Sources */,
				B490CD4929181E9100EEAD4C /* TeamMember+Sample.swift in Sources */,
				B490CD4B2918284D00EEAD4C /* NSTableView+RemoveBackground.swift in Sources */,
				B45B1311292D081F0045E7DD /* NSUIApplication.swift in Sources */,
				B493D4FB28D3410D00B95A23 /* ApiTask.swift in Sources */,
				B493D50528D3599500B95A23 /* VotesInfo.swift in Sources */,
				B490CD3D291804D800EEAD4C /* Task+Sample.swift in Sources */,
				B490CD2C2915C84700EEAD4C /* ErrorView.swift in Sources */,
				B44B9ACF28D787A400B3E4EE /* Profile.swift in Sources */,
				B490CD272915C24300EEAD4C /* TeamListView.swift in Sources */,
				B490CD34291652BE00EEAD4C /* PublicUser+Sample.swift in Sources */,
				B4E0E24128F202EF00471A32 /* PublicUser.swift in Sources */,
				B490CD392917F74100EEAD4C /* TeamView.swift in Sources */,
				B490CD2F2915C90500EEAD4C /* TeamsService.swift in Sources */,
				B40B4D122932B0DE00E1C622 /* VoteInfo+Sample.swift in Sources */,
				B493D50328D3541C00B95A23 /* Vote.swift in Sources */,
				B493D4F228D3320F00B95A23 /* TasksView.swift in Sources */,
				B43FE2E0291D8A6400E5A124 /* WatchingService.swift in Sources */,
				B493D4D828D31C7F00B95A23 /* ContentView.swift in Sources */,
				B4FC2FD0292EC9CA00A7E04C /* MainView.swift in Sources */,
				B40B4D1029328F3300E1C622 /* InjectedValues.swift in Sources */,
				B493D4D628D31C7F00B95A23 /* ScrumPokerApp.swift in Sources */,
				B493D4F728D3329D00B95A23 /* PokerAPI.swift in Sources */,
				B490CD3B291801FC00EEAD4C /* TasksFilter.swift in Sources */,
				B4184C5A291D3F2800AE0FD9 /* VotesChart.swift in Sources */,
				B44B9ACD28D7875700B3E4EE /* ProfileService.swift in Sources */,
				B490CD402918100E00EEAD4C /* SideBar.swift in Sources */,
				B490CD252915C01500EEAD4C /* Team.swift in Sources */,
				B493D4E628D31D7F00B95A23 /* MenuService.swift in Sources */,
				B43E4C4028D3B52F00ABD0D2 /* Toolbar.swift in Sources */,
				B493D4F528D3322C00B95A23 /* AuthorizationView.swift in Sources */,
				B4184C40291A719300AE0FD9 /* View+Helpers.swift in Sources */,
			);
			runOnlyForDeploymentPostprocessing = 0;
		};
/* End PBXSourcesBuildPhase section */

/* Begin XCBuildConfiguration section */
		B493D4DF28D31C8100B95A23 /* Debug */ = {
			isa = XCBuildConfiguration;
			buildSettings = {
				ALWAYS_SEARCH_USER_PATHS = NO;
				CLANG_ANALYZER_NONNULL = YES;
				CLANG_ANALYZER_NUMBER_OBJECT_CONVERSION = YES_AGGRESSIVE;
				CLANG_CXX_LANGUAGE_STANDARD = "gnu++17";
				CLANG_ENABLE_MODULES = YES;
				CLANG_ENABLE_OBJC_ARC = YES;
				CLANG_ENABLE_OBJC_WEAK = YES;
				CLANG_WARN_BLOCK_CAPTURE_AUTORELEASING = YES;
				CLANG_WARN_BOOL_CONVERSION = YES;
				CLANG_WARN_COMMA = YES;
				CLANG_WARN_CONSTANT_CONVERSION = YES;
				CLANG_WARN_DEPRECATED_OBJC_IMPLEMENTATIONS = YES;
				CLANG_WARN_DIRECT_OBJC_ISA_USAGE = YES_ERROR;
				CLANG_WARN_DOCUMENTATION_COMMENTS = YES;
				CLANG_WARN_EMPTY_BODY = YES;
				CLANG_WARN_ENUM_CONVERSION = YES;
				CLANG_WARN_INFINITE_RECURSION = YES;
				CLANG_WARN_INT_CONVERSION = YES;
				CLANG_WARN_NON_LITERAL_NULL_CONVERSION = YES;
				CLANG_WARN_OBJC_IMPLICIT_RETAIN_SELF = YES;
				CLANG_WARN_OBJC_LITERAL_CONVERSION = YES;
				CLANG_WARN_OBJC_ROOT_CLASS = YES_ERROR;
				CLANG_WARN_QUOTED_INCLUDE_IN_FRAMEWORK_HEADER = YES;
				CLANG_WARN_RANGE_LOOP_ANALYSIS = YES;
				CLANG_WARN_STRICT_PROTOTYPES = YES;
				CLANG_WARN_SUSPICIOUS_MOVE = YES;
				CLANG_WARN_UNGUARDED_AVAILABILITY = YES_AGGRESSIVE;
				CLANG_WARN_UNREACHABLE_CODE = YES;
				CLANG_WARN__DUPLICATE_METHOD_MATCH = YES;
				COPY_PHASE_STRIP = NO;
				DEBUG_INFORMATION_FORMAT = dwarf;
				ENABLE_STRICT_OBJC_MSGSEND = YES;
				ENABLE_TESTABILITY = YES;
				GCC_C_LANGUAGE_STANDARD = gnu11;
				GCC_DYNAMIC_NO_PIC = NO;
				GCC_NO_COMMON_BLOCKS = YES;
				GCC_OPTIMIZATION_LEVEL = 0;
				GCC_PREPROCESSOR_DEFINITIONS = (
					"DEBUG=1",
					"$(inherited)",
				);
				GCC_WARN_64_TO_32_BIT_CONVERSION = YES;
				GCC_WARN_ABOUT_RETURN_TYPE = YES_ERROR;
				GCC_WARN_UNDECLARED_SELECTOR = YES;
				GCC_WARN_UNINITIALIZED_AUTOS = YES_AGGRESSIVE;
				GCC_WARN_UNUSED_FUNCTION = YES;
				GCC_WARN_UNUSED_VARIABLE = YES;
				MACOSX_DEPLOYMENT_TARGET = 12.3;
				MTL_ENABLE_DEBUG_INFO = INCLUDE_SOURCE;
				MTL_FAST_MATH = YES;
				ONLY_ACTIVE_ARCH = YES;
				SDKROOT = macosx;
				SWIFT_ACTIVE_COMPILATION_CONDITIONS = DEBUG;
				SWIFT_OPTIMIZATION_LEVEL = "-Onone";
			};
			name = Debug;
		};
		B493D4E028D31C8100B95A23 /* Release */ = {
			isa = XCBuildConfiguration;
			buildSettings = {
				ALWAYS_SEARCH_USER_PATHS = NO;
				CLANG_ANALYZER_NONNULL = YES;
				CLANG_ANALYZER_NUMBER_OBJECT_CONVERSION = YES_AGGRESSIVE;
				CLANG_CXX_LANGUAGE_STANDARD = "gnu++17";
				CLANG_ENABLE_MODULES = YES;
				CLANG_ENABLE_OBJC_ARC = YES;
				CLANG_ENABLE_OBJC_WEAK = YES;
				CLANG_WARN_BLOCK_CAPTURE_AUTORELEASING = YES;
				CLANG_WARN_BOOL_CONVERSION = YES;
				CLANG_WARN_COMMA = YES;
				CLANG_WARN_CONSTANT_CONVERSION = YES;
				CLANG_WARN_DEPRECATED_OBJC_IMPLEMENTATIONS = YES;
				CLANG_WARN_DIRECT_OBJC_ISA_USAGE = YES_ERROR;
				CLANG_WARN_DOCUMENTATION_COMMENTS = YES;
				CLANG_WARN_EMPTY_BODY = YES;
				CLANG_WARN_ENUM_CONVERSION = YES;
				CLANG_WARN_INFINITE_RECURSION = YES;
				CLANG_WARN_INT_CONVERSION = YES;
				CLANG_WARN_NON_LITERAL_NULL_CONVERSION = YES;
				CLANG_WARN_OBJC_IMPLICIT_RETAIN_SELF = YES;
				CLANG_WARN_OBJC_LITERAL_CONVERSION = YES;
				CLANG_WARN_OBJC_ROOT_CLASS = YES_ERROR;
				CLANG_WARN_QUOTED_INCLUDE_IN_FRAMEWORK_HEADER = YES;
				CLANG_WARN_RANGE_LOOP_ANALYSIS = YES;
				CLANG_WARN_STRICT_PROTOTYPES = YES;
				CLANG_WARN_SUSPICIOUS_MOVE = YES;
				CLANG_WARN_UNGUARDED_AVAILABILITY = YES_AGGRESSIVE;
				CLANG_WARN_UNREACHABLE_CODE = YES;
				CLANG_WARN__DUPLICATE_METHOD_MATCH = YES;
				COPY_PHASE_STRIP = NO;
				DEBUG_INFORMATION_FORMAT = "dwarf-with-dsym";
				ENABLE_NS_ASSERTIONS = NO;
				ENABLE_STRICT_OBJC_MSGSEND = YES;
				GCC_C_LANGUAGE_STANDARD = gnu11;
				GCC_NO_COMMON_BLOCKS = YES;
				GCC_WARN_64_TO_32_BIT_CONVERSION = YES;
				GCC_WARN_ABOUT_RETURN_TYPE = YES_ERROR;
				GCC_WARN_UNDECLARED_SELECTOR = YES;
				GCC_WARN_UNINITIALIZED_AUTOS = YES_AGGRESSIVE;
				GCC_WARN_UNUSED_FUNCTION = YES;
				GCC_WARN_UNUSED_VARIABLE = YES;
				MACOSX_DEPLOYMENT_TARGET = 12.3;
				MTL_ENABLE_DEBUG_INFO = NO;
				MTL_FAST_MATH = YES;
				SDKROOT = macosx;
				SWIFT_COMPILATION_MODE = wholemodule;
				SWIFT_OPTIMIZATION_LEVEL = "-O";
			};
			name = Release;
		};
		B493D4E228D31C8100B95A23 /* Debug */ = {
			isa = XCBuildConfiguration;
			buildSettings = {
				ASSETCATALOG_COMPILER_APPICON_NAME = AppIcon;
				ASSETCATALOG_COMPILER_GLOBAL_ACCENT_COLOR_NAME = AccentColor;
				CODE_SIGN_ENTITLEMENTS = ScrumPoker/ScrumPoker.entitlements;
				CODE_SIGN_IDENTITY = "Apple Development";
				CODE_SIGN_STYLE = Automatic;
				COMBINE_HIDPI_IMAGES = YES;
				CURRENT_PROJECT_VERSION = 5;
				DEVELOPMENT_ASSET_PATHS = "\"ScrumPoker/Preview Content\"";
				DEVELOPMENT_TEAM = DD57QBF5UM;
				ENABLE_HARDENED_RUNTIME = YES;
				ENABLE_PREVIEWS = YES;
				GENERATE_INFOPLIST_FILE = YES;
				INFOPLIST_FILE = ScrumPoker/Info.plist;
				INFOPLIST_KEY_NSHumanReadableCopyright = "";
				IPHONEOS_DEPLOYMENT_TARGET = 15.0;
				LD_RUNPATH_SEARCH_PATHS = (
					"$(inherited)",
					"@executable_path/../Frameworks",
				);
				MARKETING_VERSION = 1.5.0;
				PRODUCT_BUNDLE_IDENTIFIER = net.konshin.scrumpoker;
				PRODUCT_NAME = "$(TARGET_NAME)";
				SUPPORTED_PLATFORMS = "iphoneos iphonesimulator macosx";
				SUPPORTS_MACCATALYST = NO;
				SUPPORTS_MAC_DESIGNED_FOR_IPHONE_IPAD = NO;
				SWIFT_EMIT_LOC_STRINGS = YES;
				SWIFT_VERSION = 5.0;
				TARGETED_DEVICE_FAMILY = 1;
			};
			name = Debug;
		};
		B493D4E328D31C8100B95A23 /* Release */ = {
			isa = XCBuildConfiguration;
			buildSettings = {
				ASSETCATALOG_COMPILER_APPICON_NAME = AppIcon;
				ASSETCATALOG_COMPILER_GLOBAL_ACCENT_COLOR_NAME = AccentColor;
				CODE_SIGN_ENTITLEMENTS = ScrumPoker/ScrumPoker.entitlements;
				CODE_SIGN_IDENTITY = "Apple Development";
				CODE_SIGN_STYLE = Automatic;
				COMBINE_HIDPI_IMAGES = YES;
				CURRENT_PROJECT_VERSION = 5;
				DEVELOPMENT_ASSET_PATHS = "\"ScrumPoker/Preview Content\"";
				DEVELOPMENT_TEAM = DD57QBF5UM;
				ENABLE_HARDENED_RUNTIME = YES;
				ENABLE_PREVIEWS = YES;
				GENERATE_INFOPLIST_FILE = YES;
				INFOPLIST_FILE = ScrumPoker/Info.plist;
				INFOPLIST_KEY_NSHumanReadableCopyright = "";
				IPHONEOS_DEPLOYMENT_TARGET = 15.0;
				LD_RUNPATH_SEARCH_PATHS = (
					"$(inherited)",
					"@executable_path/../Frameworks",
				);
				MARKETING_VERSION = 1.5.0;
				PRODUCT_BUNDLE_IDENTIFIER = net.konshin.scrumpoker;
				PRODUCT_NAME = "$(TARGET_NAME)";
				SUPPORTED_PLATFORMS = "iphoneos iphonesimulator macosx";
				SUPPORTS_MACCATALYST = NO;
				SUPPORTS_MAC_DESIGNED_FOR_IPHONE_IPAD = NO;
				SWIFT_EMIT_LOC_STRINGS = YES;
				SWIFT_VERSION = 5.0;
				TARGETED_DEVICE_FAMILY = 1;
			};
			name = Release;
		};
/* End XCBuildConfiguration section */

/* Begin XCConfigurationList section */
		B493D4CD28D31C7F00B95A23 /* Build configuration list for PBXProject "ScrumPoker" */ = {
			isa = XCConfigurationList;
			buildConfigurations = (
				B493D4DF28D31C8100B95A23 /* Debug */,
				B493D4E028D31C8100B95A23 /* Release */,
			);
			defaultConfigurationIsVisible = 0;
			defaultConfigurationName = Release;
		};
		B493D4E128D31C8100B95A23 /* Build configuration list for PBXNativeTarget "ScrumPoker" */ = {
			isa = XCConfigurationList;
			buildConfigurations = (
				B493D4E228D31C8100B95A23 /* Debug */,
				B493D4E328D31C8100B95A23 /* Release */,
			);
			defaultConfigurationIsVisible = 0;
			defaultConfigurationName = Release;
		};
/* End XCConfigurationList section */
	};
	rootObject = B493D4CA28D31C7F00B95A23 /* Project object */;
}
